
Microsoft Visual Studio Solution File, Format Version 12.00
# Visual Studio Version 17
VisualStudioVersion = 17.11.35327.3
MinimumVisualStudioVersion = 10.0.40219.1
Project("{9A19103F-16F7-4668-BE54-9A1E7A4F7556}") = "TodoServerApp", "TodoServerApp\TodoServerApp.csproj", "{86D2F851-247E-47D8-A95E-8BF865F106DB}"
EndProject
Global
	GlobalSection(SolutionConfigurationPlatforms) = preSolution
		Debug|Any CPU = Debug|Any CPU
		Release|Any CPU = Release|Any CPU
	EndGlobalSection
	GlobalSection(ProjectConfigurationPlatforms) = postSolution
		{86D2F851-247E-47D8-A95E-8BF865F106DB}.Debug|Any CPU.ActiveCfg = Debug|Any CPU
		{86D2F851-247E-47D8-A95E-8BF865F106DB}.Debug|Any CPU.Build.0 = Debug|Any CPU
		{86D2F851-247E-47D8-A95E-8BF865F106DB}.Release|Any CPU.ActiveCfg = Release|Any CPU
		{86D2F851-247E-47D8-A95E-8BF865F106DB}.Release|Any CPU.Build.0 = Release|Any CPU
	EndGlobalSection
	GlobalSection(SolutionProperties) = preSolution
		HideSolutionNode = FALSE
	EndGlobalSection
	GlobalSection(ExtensibilityGlobals) = postSolution
		SolutionGuid = {2D4D1EB2-4B40-471F-9767-55A6E9B30D5D}
	EndGlobalSection
EndGlobal
